
Microsoft Visual Studio Solution File, Format Version 12.00
# Visual Studio Version 16
VisualStudioVersion = 16.0.33214.272
MinimumVisualStudioVersion = 10.0.40219.1
Project("{FAE04EC0-301F-11D3-BF4B-00C04F79EFBC}") = "DragonNest", "DragonNest\DragonNest.csproj", "{B7971E1D-68F4-4454-AA2E-4B2890CE1177}"
EndProject
Global
	GlobalSection(SolutionConfigurationPlatforms) = preSolution
		Debug|Any CPU = Debug|Any CPU
		Release|Any CPU = Release|Any CPU
	EndGlobalSection
	GlobalSection(ProjectConfigurationPlatforms) = postSolution
		{B7971E1D-68F4-4454-AA2E-4B2890CE1177}.Debug|Any CPU.ActiveCfg = Debug|Any CPU
		{B7971E1D-68F4-4454-AA2E-4B2890CE1177}.Debug|Any CPU.Build.0 = Debug|Any CPU
		{B7971E1D-68F4-4454-AA2E-4B2890CE1177}.Release|Any CPU.ActiveCfg = Release|Any CPU
		{B7971E1D-68F4-4454-AA2E-4B2890CE1177}.Release|Any CPU.Build.0 = Release|Any CPU
	EndGlobalSection
	GlobalSection(SolutionProperties) = preSolution
		HideSolutionNode = FALSE
	EndGlobalSection
	GlobalSection(ExtensibilityGlobals) = postSolution
		SolutionGuid = {738148D8-9EA4-4F8A-A139-4C696BF38239}
	EndGlobalSection
EndGlobal
